
Microsoft Visual Studio Solution File, Format Version 12.00
# Visual Studio Version 17
VisualStudioVersion = 17.9.34902.65
MinimumVisualStudioVersion = 10.0.40219.1
Project("{FAE04EC0-301F-11D3-BF4B-00C04F79EFBC}") = "BookShop", "BookShop\BookShop.csproj", "{9CC7CC68-9726-406D-8A21-0FF1BAAF2F79}"
EndProject
Global
	GlobalSection(SolutionConfigurationPlatforms) = preSolution
		Debug|Any CPU = Debug|Any CPU
		Release|Any CPU = Release|Any CPU
	EndGlobalSection
	GlobalSection(ProjectConfigurationPlatforms) = postSolution
		{9CC7CC68-9726-406D-8A21-0FF1BAAF2F79}.Debug|Any CPU.ActiveCfg = Debug|Any CPU
		{9CC7CC68-9726-406D-8A21-0FF1BAAF2F79}.Debug|Any CPU.Build.0 = Debug|Any CPU
		{9CC7CC68-9726-406D-8A21-0FF1BAAF2F79}.Release|Any CPU.ActiveCfg = Release|Any CPU
		{9CC7CC68-9726-406D-8A21-0FF1BAAF2F79}.Release|Any CPU.Build.0 = Release|Any CPU
	EndGlobalSection
	GlobalSection(SolutionProperties) = preSolution
		HideSolutionNode = FALSE
	EndGlobalSection
	GlobalSection(ExtensibilityGlobals) = postSolution
		SolutionGuid = {2E6CB1F2-599D-489D-AA37-F709B6868FFE}
	EndGlobalSection
EndGlobal
